[root]
name = "env-control"
version = "0.0.1"
dependencies = [
 "clap 1.4.6 (registry+https://github.com/rust-lang/crates.io-index)",
]

[[package]]
name = "bitflags"
version = "0.3.2"
source = "registry+https://github.com/rust-lang/crates.io-index"

[[package]]
name = "clap"
version = "1.4.6"
source = "registry+https://github.com/rust-lang/crates.io-index"
dependencies = [
 "bitflags 0.3.2 (registry+https://github.com/rust-lang/crates.io-index)",
]

