[root]
name = "env-control"
version = "0.0.1"
dependencies = [
 "clap 1.5.6 (registry+https://github.com/rust-lang/crates.io-index)",
]

[[package]]
name = "bitflags"
version = "0.4.0"
source = "registry+https://github.com/rust-lang/crates.io-index"

[[package]]
name = "clap"
version = "1.5.6"
source = "registry+https://github.com/rust-lang/crates.io-index"
dependencies = [
 "bitflags 0.4.0 (registry+https://github.com/rust-lang/crates.io-index)",
 "vec_map 0.4.0 (registry+https://github.com/rust-lang/crates.io-index)",
]

[[package]]
name = "vec_map"
version = "0.4.0"
source = "registry+https://github.com/rust-lang/crates.io-index"

[metadata]
"checksum bitflags 0.4.0 (registry+https://github.com/rust-lang/crates.io-index)" = "8dead7461c1127cf637931a1e50934eb6eee8bff2f74433ac7909e9afcee04a3"
"checksum clap 1.5.6 (registry+https://github.com/rust-lang/crates.io-index)" = "cebcbd10d6c40aee217a182891eb16afbf37a674d0cae9a9a6b2decebc3aea08"
"checksum vec_map 0.4.0 (registry+https://github.com/rust-lang/crates.io-index)" = "1805118a0d7c72d427e9d9c8134b549ec9e88942c707b100deef357ec0948f02"
